
Microsoft Visual Studio Solution File, Format Version 12.00
# Visual Studio 2013
VisualStudioVersion = 12.0.31101.0
MinimumVisualStudioVersion = 10.0.40219.1
Project("{FAE04EC0-301F-11D3-BF4B-00C04F79EFBC}") = "ProjetFinalEchAppServer", "ProjetFinalEchAppServer\ProjetFinalEchAppServer.csproj", "{3BB98C53-26AF-4A71-BDF4-4AADE986571C}"
EndProject
Project("{E24C65DC-7377-472B-9ABA-BC803B73C61A}") = "ProjetEchAppClient", "http://localhost:6752", "{6575F512-68FD-4394-B914-CACFBF9FBE45}"
	ProjectSection(WebsiteProperties) = preProject
		UseIISExpress = "true"
		TargetFrameworkMoniker = ".NETFramework,Version%3Dv4.0"
		Debug.AspNetCompiler.VirtualPath = "/localhost_6752"
		Debug.AspNetCompiler.PhysicalPath = "..\ProjetEchAppClient\"
		Debug.AspNetCompiler.TargetPath = "PrecompiledWeb\localhost_6752\"
		Debug.AspNetCompiler.Updateable = "true"
		Debug.AspNetCompiler.ForceOverwrite = "true"
		Debug.AspNetCompiler.FixedNames = "false"
		Debug.AspNetCompiler.Debug = "True"
		Release.AspNetCompiler.VirtualPath = "/localhost_6752"
		Release.AspNetCompiler.PhysicalPath = "..\ProjetEchAppClient\"
		Release.AspNetCompiler.TargetPath = "PrecompiledWeb\localhost_6752\"
		Release.AspNetCompiler.Updateable = "true"
		Release.AspNetCompiler.ForceOverwrite = "true"
		Release.AspNetCompiler.FixedNames = "false"
		Release.AspNetCompiler.Debug = "False"
		SlnRelativePath = "..\ProjetEchAppClient\"
	EndProjectSection
EndProject
Global
	GlobalSection(SolutionConfigurationPlatforms) = preSolution
		Debug|Any CPU = Debug|Any CPU
		Release|Any CPU = Release|Any CPU
	EndGlobalSection
	GlobalSection(ProjectConfigurationPlatforms) = postSolution
		{3BB98C53-26AF-4A71-BDF4-4AADE986571C}.Debug|Any CPU.ActiveCfg = Debug|Any CPU
		{3BB98C53-26AF-4A71-BDF4-4AADE986571C}.Debug|Any CPU.Build.0 = Debug|Any CPU
		{3BB98C53-26AF-4A71-BDF4-4AADE986571C}.Release|Any CPU.ActiveCfg = Release|Any CPU
		{3BB98C53-26AF-4A71-BDF4-4AADE986571C}.Release|Any CPU.Build.0 = Release|Any CPU
		{6575F512-68FD-4394-B914-CACFBF9FBE45}.Debug|Any CPU.ActiveCfg = Debug|Any CPU
		{6575F512-68FD-4394-B914-CACFBF9FBE45}.Debug|Any CPU.Build.0 = Debug|Any CPU
		{6575F512-68FD-4394-B914-CACFBF9FBE45}.Release|Any CPU.ActiveCfg = Debug|Any CPU
		{6575F512-68FD-4394-B914-CACFBF9FBE45}.Release|Any CPU.Build.0 = Debug|Any CPU
	EndGlobalSection
	GlobalSection(SolutionProperties) = preSolution
		HideSolutionNode = FALSE
	EndGlobalSection
EndGlobal
